
Microsoft Visual Studio Solution File, Format Version 12.00
# Visual Studio 14
VisualStudioVersion = 14.0.25123.0
MinimumVisualStudioVersion = 10.0.40219.1
Project("{FAE04EC0-301F-11D3-BF4B-00C04F79EFBC}") = "Uppgift2", "Uppgift2\Uppgift2.csproj", "{21FDE6B3-0B05-4D7E-B806-DBA1F42905D5}"
EndProject
Project("{FAE04EC0-301F-11D3-BF4B-00C04F79EFBC}") = "Uppgift2ConsoleApplication", "Uppgift2ConsoleApplication\Uppgift2ConsoleApplication.csproj", "{107878A5-851A-4D39-9B57-06AF43D388A3}"
EndProject
Global
	GlobalSection(SolutionConfigurationPlatforms) = preSolution
		Debug|Any CPU = Debug|Any CPU
		Release|Any CPU = Release|Any CPU
	EndGlobalSection
	GlobalSection(ProjectConfigurationPlatforms) = postSolution
		{21FDE6B3-0B05-4D7E-B806-DBA1F42905D5}.Debug|Any CPU.ActiveCfg = Debug|Any CPU
		{21FDE6B3-0B05-4D7E-B806-DBA1F42905D5}.Debug|Any CPU.Build.0 = Debug|Any CPU
		{21FDE6B3-0B05-4D7E-B806-DBA1F42905D5}.Release|Any CPU.ActiveCfg = Release|Any CPU
		{21FDE6B3-0B05-4D7E-B806-DBA1F42905D5}.Release|Any CPU.Build.0 = Release|Any CPU
		{107878A5-851A-4D39-9B57-06AF43D388A3}.Debug|Any CPU.ActiveCfg = Debug|Any CPU
		{107878A5-851A-4D39-9B57-06AF43D388A3}.Debug|Any CPU.Build.0 = Debug|Any CPU
		{107878A5-851A-4D39-9B57-06AF43D388A3}.Release|Any CPU.ActiveCfg = Release|Any CPU
		{107878A5-851A-4D39-9B57-06AF43D388A3}.Release|Any CPU.Build.0 = Release|Any CPU
	EndGlobalSection
	GlobalSection(SolutionProperties) = preSolution
		HideSolutionNode = FALSE
	EndGlobalSection
EndGlobal
