
Microsoft Visual Studio Solution File, Format Version 12.00
# Visual Studio 14
VisualStudioVersion = 14.0.25123.0
MinimumVisualStudioVersion = 10.0.40219.1
Project("{FAE04EC0-301F-11D3-BF4B-00C04F79EFBC}") = "Uppgift1WebService", "Uppgift1\Uppgift1WebService.csproj", "{BEE99E41-63C7-44CB-8BFA-534C717D0107}"
EndProject
Project("{FAE04EC0-301F-11D3-BF4B-00C04F79EFBC}") = "Uppgift1ConsoleApplication", "Uppgift1ConsoleApplication\Uppgift1ConsoleApplication.csproj", "{EDCACED4-DED0-4739-A78F-81B1E8B5C9A9}"
EndProject
Project("{FAE04EC0-301F-11D3-BF4B-00C04F79EFBC}") = "Uppgift1WindowsFormsApplication", "Uppgift1WindowsFormsApplication\Uppgift1WindowsFormsApplication.csproj", "{AF37D8B0-04D0-4A28-B86D-76575C61B7B0}"
	ProjectSection(ProjectDependencies) = postProject
		{BEE99E41-63C7-44CB-8BFA-534C717D0107} = {BEE99E41-63C7-44CB-8BFA-534C717D0107}
	EndProjectSection
EndProject
Global
	GlobalSection(SolutionConfigurationPlatforms) = preSolution
		Debug|Any CPU = Debug|Any CPU
		Release|Any CPU = Release|Any CPU
	EndGlobalSection
	GlobalSection(ProjectConfigurationPlatforms) = postSolution
		{BEE99E41-63C7-44CB-8BFA-534C717D0107}.Debug|Any CPU.ActiveCfg = Debug|Any CPU
		{BEE99E41-63C7-44CB-8BFA-534C717D0107}.Debug|Any CPU.Build.0 = Debug|Any CPU
		{BEE99E41-63C7-44CB-8BFA-534C717D0107}.Release|Any CPU.ActiveCfg = Release|Any CPU
		{BEE99E41-63C7-44CB-8BFA-534C717D0107}.Release|Any CPU.Build.0 = Release|Any CPU
		{EDCACED4-DED0-4739-A78F-81B1E8B5C9A9}.Debug|Any CPU.ActiveCfg = Debug|Any CPU
		{EDCACED4-DED0-4739-A78F-81B1E8B5C9A9}.Debug|Any CPU.Build.0 = Debug|Any CPU
		{EDCACED4-DED0-4739-A78F-81B1E8B5C9A9}.Release|Any CPU.ActiveCfg = Release|Any CPU
		{EDCACED4-DED0-4739-A78F-81B1E8B5C9A9}.Release|Any CPU.Build.0 = Release|Any CPU
		{AF37D8B0-04D0-4A28-B86D-76575C61B7B0}.Debug|Any CPU.ActiveCfg = Debug|Any CPU
		{AF37D8B0-04D0-4A28-B86D-76575C61B7B0}.Debug|Any CPU.Build.0 = Debug|Any CPU
		{AF37D8B0-04D0-4A28-B86D-76575C61B7B0}.Release|Any CPU.ActiveCfg = Release|Any CPU
		{AF37D8B0-04D0-4A28-B86D-76575C61B7B0}.Release|Any CPU.Build.0 = Release|Any CPU
	EndGlobalSection
	GlobalSection(SolutionProperties) = preSolution
		HideSolutionNode = FALSE
	EndGlobalSection
EndGlobal
